{
  "name": "@vscode-messager/extension",
  "version": "1.0.0",
  "lockfileVersion": 2,
  "requires": true,
  "packages": {
    "": {
      "name": "@vscode-messager/extension",
      "version": "1.0.0",
      "license": "ISC",
      "devDependencies": {
        "@types/lodash": "^4.14.195",
        "@types/node": "^20.4.1",
        "@types/vscode": "^1.80.0"
      }
    },
    "node_modules/@types/lodash": {
      "version": "4.14.195",
      "resolved": "http://bnpm.byted.org/@types/lodash/-/lodash-4.14.195.tgz",
      "integrity": "sha512-Hwx9EUgdwf2GLarOjQp5ZH8ZmblzcbTBC2wtQWNKARBSxM9ezRIAUpeDTgoQRAFB0+8CNWXVA9+MaSOzOF3nPg==",
      "dev": true,
      "license": "MIT"
    },
    "node_modules/@types/node": {
      "version": "20.4.1",
      "resolved": "http://bnpm.byted.org/@types/node/-/node-20.4.1.tgz",
      "integrity": "sha512-JIzsAvJeA/5iY6Y/OxZbv1lUcc8dNSE77lb2gnBH+/PJ3lFR1Ccvgwl5JWnHAkNHcRsT0TbpVOsiMKZ1F/yyJg==",
      "dev": true,
      "license": "MIT"
    },
    "node_modules/@types/vscode": {
      "version": "1.80.0",
      "resolved": "http://bnpm.byted.org/@types/vscode/-/vscode-1.80.0.tgz",
      "integrity": "sha512-qK/CmOdS2o7ry3k6YqU4zD3R2AYlJfbwBoSbKpBoP+GpXNE+0NEgJOli4n0bm0diK5kfBnchgCEj4igQz/44Hg==",
      "dev": true,
      "license": "MIT"
    }
  },
  "dependencies": {
    "@types/lodash": {
      "version": "4.14.195",
      "resolved": "http://bnpm.byted.org/@types/lodash/-/lodash-4.14.195.tgz",
      "integrity": "sha512-Hwx9EUgdwf2GLarOjQp5ZH8ZmblzcbTBC2wtQWNKARBSxM9ezRIAUpeDTgoQRAFB0+8CNWXVA9+MaSOzOF3nPg==",
      "dev": true
    },
    "@types/node": {
      "version": "20.4.1",
      "resolved": "http://bnpm.byted.org/@types/node/-/node-20.4.1.tgz",
      "integrity": "sha512-JIzsAvJeA/5iY6Y/OxZbv1lUcc8dNSE77lb2gnBH+/PJ3lFR1Ccvgwl5JWnHAkNHcRsT0TbpVOsiMKZ1F/yyJg==",
      "dev": true
    },
    "@types/vscode": {
      "version": "1.80.0",
      "resolved": "http://bnpm.byted.org/@types/vscode/-/vscode-1.80.0.tgz",
      "integrity": "sha512-qK/CmOdS2o7ry3k6YqU4zD3R2AYlJfbwBoSbKpBoP+GpXNE+0NEgJOli4n0bm0diK5kfBnchgCEj4igQz/44Hg==",
      "dev": true
    }
  }
}
